{
  "requires": true,
  "lockfileVersion": 1,
  "dependencies": {
    "react-native-responsive-screen": {
      "version": "1.4.1",
      "resolved": "https://registry.npmjs.org/react-native-responsive-screen/-/react-native-responsive-screen-1.4.1.tgz",
      "integrity": "sha512-WuMkVyCPeepzKQaT3N+mbUAvQLL0jGsBnGf6yDtA7vyA/sp1imXYVPYjCNMRaKV+PSM5GzEMXxl4Bj+tUpD2Tw=="
    }
  }
}
